<?xml version="1.0" encoding="utf-8"?>
<Project ToolsVersion="4.0" xmlns="http://schemas.microsoft.com/developer/msbuild/2003">
  <ItemGroup>
    <ClCompile Include="main.cpp">
      <Filter>src</Filter>
    </ClCompile>
    <ClCompile Include="..\lib\discord_sdk\include\achievement_manager.cpp">
      <Filter>lib\discord_sdk\include</Filter>
    </ClCompile>
    <ClCompile Include="..\lib\discord_sdk\include\activity_manager.cpp">
      <Filter>lib\discord_sdk\include</Filter>
    </ClCompile>
    <ClCompile Include="..\lib\discord_sdk\include\application_manager.cpp">
      <Filter>lib\discord_sdk\include</Filter>
    </ClCompile>
    <ClCompile Include="..\lib\discord_sdk\include\core.cpp">
      <Filter>lib\discord_sdk\include</Filter>
    </ClCompile>
    <ClCompile Include="..\lib\discord_sdk\include\image_manager.cpp">
      <Filter>lib\discord_sdk\include</Filter>
    </ClCompile>
    <ClCompile Include="..\lib\discord_sdk\include\lobby_manager.cpp">
      <Filter>lib\discord_sdk\include</Filter>
    </ClCompile>
    <ClCompile Include="..\lib\discord_sdk\include\network_manager.cpp">
      <Filter>lib\discord_sdk\include</Filter>
    </ClCompile>
    <ClCompile Include="..\lib\discord_sdk\include\overlay_manager.cpp">
      <Filter>lib\discord_sdk\include</Filter>
    </ClCompile>
    <ClCompile Include="..\lib\discord_sdk\include\relationship_manager.cpp">
      <Filter>lib\discord_sdk\include</Filter>
    </ClCompile>
    <ClCompile Include="..\lib\discord_sdk\include\storage_manager.cpp">
      <Filter>lib\discord_sdk\include</Filter>
    </ClCompile>
    <ClCompile Include="..\lib\discord_sdk\include\store_manager.cpp">
      <Filter>lib\discord_sdk\include</Filter>
    </ClCompile>
    <ClCompile Include="..\lib\discord_sdk\include\types.cpp">
      <Filter>lib\discord_sdk\include</Filter>
    </ClCompile>
    <ClCompile Include="..\lib\discord_sdk\include\user_manager.cpp">
      <Filter>lib\discord_sdk\include</Filter>
    </ClCompile>
    <ClCompile Include="..\lib\discord_sdk\include\voice_manager.cpp">
      <Filter>lib\discord_sdk\include</Filter>
    </ClCompile>
    <ClCompile Include="DiscordManager.cpp">
      <Filter>src</Filter>
    </ClCompile>
    <ClCompile Include="Dumper.cpp">
      <Filter>src</Filter>
    </ClCompile>
    <ClCompile Include="utils.cpp">
      <Filter>src</Filter>
    </ClCompile>
  </ItemGroup>
  <ItemGroup>
    <Filter Include="lib">
      <UniqueIdentifier>{6a292675-6707-4143-89ab-fbbdc0998d00}</UniqueIdentifier>
    </Filter>
    <Filter Include="src">
      <UniqueIdentifier>{d7d494cb-b7de-477c-90b6-fe9c97a83e13}</UniqueIdentifier>
    </Filter>
    <Filter Include="lib\discord_sdk">
      <UniqueIdentifier>{4633fb69-fbda-4ede-b57b-aae5a2571324}</UniqueIdentifier>
    </Filter>
    <Filter Include="lib\discord_sdk\lib">
      <UniqueIdentifier>{a6ae522f-7a7e-4467-af4e-21f768a10201}</UniqueIdentifier>
    </Filter>
    <Filter Include="lib\json">
      <UniqueIdentifier>{4c630f58-595d-4390-bc62-be219f0456d0}</UniqueIdentifier>
    </Filter>
    <Filter Include="lib\discord_sdk\include">
      <UniqueIdentifier>{3df245e8-99a2-45fe-8e24-e98b2dfe0e09}</UniqueIdentifier>
    </Filter>
    <Filter Include="lib\discord_sdk\lib\x86">
      <UniqueIdentifier>{c8ab5cd3-54e7-4067-8df8-6fdbeb67b9e3}</UniqueIdentifier>
    </Filter>
  </ItemGroup>
  <ItemGroup>
    <ClInclude Include="..\lib\json\json.hpp">
      <Filter>lib\json</Filter>
    </ClInclude>
    <ClInclude Include="..\lib\discord_sdk\include\achievement_manager.h">
      <Filter>lib\discord_sdk\include</Filter>
    </ClInclude>
    <ClInclude Include="..\lib\discord_sdk\include\activity_manager.h">
      <Filter>lib\discord_sdk\include</Filter>
    </ClInclude>
    <ClInclude Include="..\lib\discord_sdk\include\application_manager.h">
      <Filter>lib\discord_sdk\include</Filter>
    </ClInclude>
    <ClInclude Include="..\lib\discord_sdk\include\core.h">
      <Filter>lib\discord_sdk\include</Filter>
    </ClInclude>
    <ClInclude Include="..\lib\discord_sdk\include\discord.h">
      <Filter>lib\discord_sdk\include</Filter>
    </ClInclude>
    <ClInclude Include="..\lib\discord_sdk\include\event.h">
      <Filter>lib\discord_sdk\include</Filter>
    </ClInclude>
    <ClInclude Include="..\lib\discord_sdk\include\ffi.h">
      <Filter>lib\discord_sdk\include</Filter>
    </ClInclude>
    <ClInclude Include="..\lib\discord_sdk\include\image_manager.h">
      <Filter>lib\discord_sdk\include</Filter>
    </ClInclude>
    <ClInclude Include="..\lib\discord_sdk\include\lobby_manager.h">
      <Filter>lib\discord_sdk\include</Filter>
    </ClInclude>
    <ClInclude Include="..\lib\discord_sdk\include\network_manager.h">
      <Filter>lib\discord_sdk\include</Filter>
    </ClInclude>
    <ClInclude Include="..\lib\discord_sdk\include\overlay_manager.h">
      <Filter>lib\discord_sdk\include</Filter>
    </ClInclude>
    <ClInclude Include="..\lib\discord_sdk\include\relationship_manager.h">
      <Filter>lib\discord_sdk\include</Filter>
    </ClInclude>
    <ClInclude Include="..\lib\discord_sdk\include\storage_manager.h">
      <Filter>lib\discord_sdk\include</Filter>
    </ClInclude>
    <ClInclude Include="..\lib\discord_sdk\include\store_manager.h">
      <Filter>lib\discord_sdk\include</Filter>
    </ClInclude>
    <ClInclude Include="..\lib\discord_sdk\include\types.h">
      <Filter>lib\discord_sdk\include</Filter>
    </ClInclude>
    <ClInclude Include="..\lib\discord_sdk\include\user_manager.h">
      <Filter>lib\discord_sdk\include</Filter>
    </ClInclude>
    <ClInclude Include="..\lib\discord_sdk\include\voice_manager.h">
      <Filter>lib\discord_sdk\include</Filter>
    </ClInclude>
    <ClInclude Include="DiscordManager.hpp">
      <Filter>src</Filter>
    </ClInclude>
    <ClInclude Include="Dumper.hpp">
      <Filter>src</Filter>
    </ClInclude>
    <ClInclude Include="globals.hpp">
      <Filter>src</Filter>
    </ClInclude>
    <ClInclude Include="utils.hpp">
      <Filter>src</Filter>
    </ClInclude>
  </ItemGroup>
  <ItemGroup>
    <Library Include="..\lib\discord_sdk\lib\x86\discord_game_sdk.dll.lib">
      <Filter>lib\discord_sdk\lib\x86</Filter>
    </Library>
  </ItemGroup>
</Project>